
Microsoft Visual Studio Solution File, Format Version 12.00
Project("{F2A71F9B-5D33-465A-A702-920D77279786}") = "FreezeFrame", "FreezeFrame.fsproj", "{5C0E2DA9-47AB-4AD7-BC56-36CA06E89567}"
EndProject
Global
	GlobalSection(SolutionConfigurationPlatforms) = preSolution
		Debug|Any CPU = Debug|Any CPU
		Release|Any CPU = Release|Any CPU
	EndGlobalSection
	GlobalSection(ProjectConfigurationPlatforms) = postSolution
		{5C0E2DA9-47AB-4AD7-BC56-36CA06E89567}.Debug|Any CPU.ActiveCfg = Debug|Any CPU
		{5C0E2DA9-47AB-4AD7-BC56-36CA06E89567}.Debug|Any CPU.Build.0 = Debug|Any CPU
		{5C0E2DA9-47AB-4AD7-BC56-36CA06E89567}.Release|Any CPU.ActiveCfg = Release|Any CPU
		{5C0E2DA9-47AB-4AD7-BC56-36CA06E89567}.Release|Any CPU.Build.0 = Release|Any CPU
	EndGlobalSection
EndGlobal
